
Microsoft Visual Studio Solution File, Format Version 12.00
# Visual Studio 15
VisualStudioVersion = 15.0.28010.2046
MinimumVisualStudioVersion = 10.0.40219.1
Project("{FAE04EC0-301F-11D3-BF4B-00C04F79EFBC}") = "WindowsFormsApp6", "WindowsFormsApp6\WindowsFormsApp6.csproj", "{FF1B2F30-8C5C-4FBD-A206-00D79E3147FC}"
EndProject
Global
	GlobalSection(SolutionConfigurationPlatforms) = preSolution
		Debug|Any CPU = Debug|Any CPU
		Release|Any CPU = Release|Any CPU
	EndGlobalSection
	GlobalSection(ProjectConfigurationPlatforms) = postSolution
		{FF1B2F30-8C5C-4FBD-A206-00D79E3147FC}.Debug|Any CPU.ActiveCfg = Debug|Any CPU
		{FF1B2F30-8C5C-4FBD-A206-00D79E3147FC}.Debug|Any CPU.Build.0 = Debug|Any CPU
		{FF1B2F30-8C5C-4FBD-A206-00D79E3147FC}.Release|Any CPU.ActiveCfg = Release|Any CPU
		{FF1B2F30-8C5C-4FBD-A206-00D79E3147FC}.Release|Any CPU.Build.0 = Release|Any CPU
	EndGlobalSection
	GlobalSection(SolutionProperties) = preSolution
		HideSolutionNode = FALSE
	EndGlobalSection
	GlobalSection(ExtensibilityGlobals) = postSolution
		SolutionGuid = {A5747208-1473-42F2-BBC9-73C4273E7E52}
	EndGlobalSection
EndGlobal
